
Microsoft Visual Studio Solution File, Format Version 12.00
# Visual Studio 15
VisualStudioVersion = 15.0.27703.1
MinimumVisualStudioVersion = 10.0.40219.1
Project("{FAE04EC0-301F-11D3-BF4B-00C04F79EFBC}") = "ParkingWebApplication", "ParkingWebApplication\ParkingWebApplication.csproj", "{F236E53D-FBFD-49F2-9237-6D6A2B540BD1}"
EndProject
Global
	GlobalSection(SolutionConfigurationPlatforms) = preSolution
		Debug|Any CPU = Debug|Any CPU
		Release|Any CPU = Release|Any CPU
	EndGlobalSection
	GlobalSection(ProjectConfigurationPlatforms) = postSolution
		{F236E53D-FBFD-49F2-9237-6D6A2B540BD1}.Debug|Any CPU.ActiveCfg = Debug|Any CPU
		{F236E53D-FBFD-49F2-9237-6D6A2B540BD1}.Debug|Any CPU.Build.0 = Debug|Any CPU
		{F236E53D-FBFD-49F2-9237-6D6A2B540BD1}.Release|Any CPU.ActiveCfg = Release|Any CPU
		{F236E53D-FBFD-49F2-9237-6D6A2B540BD1}.Release|Any CPU.Build.0 = Release|Any CPU
	EndGlobalSection
	GlobalSection(SolutionProperties) = preSolution
		HideSolutionNode = FALSE
	EndGlobalSection
	GlobalSection(ExtensibilityGlobals) = postSolution
		SolutionGuid = {B2A0291D-3A83-4A5F-AF69-4C7F51628BEC}
	EndGlobalSection
EndGlobal
